
Microsoft Visual Studio Solution File, Format Version 12.00
# Visual Studio Version 16
VisualStudioVersion = 16.0.32413.511
MinimumVisualStudioVersion = 10.0.40219.1
Project("{FAE04EC0-301F-11D3-BF4B-00C04F79EFBC}") = "HW12Collections", "HW12Collections\HW12Collections.csproj", "{6E7274D6-D676-4BED-8178-160826444E3C}"
EndProject
Global
	GlobalSection(SolutionConfigurationPlatforms) = preSolution
		Debug|Any CPU = Debug|Any CPU
		Release|Any CPU = Release|Any CPU
	EndGlobalSection
	GlobalSection(ProjectConfigurationPlatforms) = postSolution
		{6E7274D6-D676-4BED-8178-160826444E3C}.Debug|Any CPU.ActiveCfg = Debug|Any CPU
		{6E7274D6-D676-4BED-8178-160826444E3C}.Debug|Any CPU.Build.0 = Debug|Any CPU
		{6E7274D6-D676-4BED-8178-160826444E3C}.Release|Any CPU.ActiveCfg = Release|Any CPU
		{6E7274D6-D676-4BED-8178-160826444E3C}.Release|Any CPU.Build.0 = Release|Any CPU
	EndGlobalSection
	GlobalSection(SolutionProperties) = preSolution
		HideSolutionNode = FALSE
	EndGlobalSection
	GlobalSection(ExtensibilityGlobals) = postSolution
		SolutionGuid = {980DDBAC-273F-4272-8903-5088F6FA764F}
	EndGlobalSection
EndGlobal
